PODS:
  - Kingfisher (7.3.2)
  - ProgressHUD (13.6.2)
  - SnapKit (5.6.0)

DEPENDENCIES:
  - Kingfisher
  - ProgressHUD
  - SnapKit

SPEC REPOS:
  trunk:
    - Kingfisher
    - ProgressHUD
    - SnapKit

SPEC CHECKSUMS:
  Kingfisher: 0086ad83719761ba9b2cdaf6ef4d5b4878cbae23
  ProgressHUD: 355915c8f033e626788fa9b0d99d06e8691595ab
  SnapKit: e01d52ebb8ddbc333eefe2132acf85c8227d9c25

PODFILE CHECKSUM: a1751191e51dc1722fa118650c4a66c4f0e2baf2

COCOAPODS: 1.11.3
